
Microsoft Visual Studio Solution File, Format Version 12.00
# Visual Studio Version 16
VisualStudioVersion = 16.0.31729.503
MinimumVisualStudioVersion = 10.0.40219.1
Project("{FAE04EC0-301F-11D3-BF4B-00C04F79EFBC}") = "sqlpluggy", "sqlpluggy\sqlpluggy.csproj", "{2D49D45D-8D9F-43E7-81DA-B417251AB986}"
EndProject
Global
	GlobalSection(SolutionConfigurationPlatforms) = preSolution
		Debug|Any CPU = Debug|Any CPU
		Release|Any CPU = Release|Any CPU
	EndGlobalSection
	GlobalSection(ProjectConfigurationPlatforms) = postSolution
		{2D49D45D-8D9F-43E7-81DA-B417251AB986}.Debug|Any CPU.ActiveCfg = Debug|Any CPU
		{2D49D45D-8D9F-43E7-81DA-B417251AB986}.Debug|Any CPU.Build.0 = Debug|Any CPU
		{2D49D45D-8D9F-43E7-81DA-B417251AB986}.Release|Any CPU.ActiveCfg = Release|Any CPU
		{2D49D45D-8D9F-43E7-81DA-B417251AB986}.Release|Any CPU.Build.0 = Release|Any CPU
	EndGlobalSection
	GlobalSection(SolutionProperties) = preSolution
		HideSolutionNode = FALSE
	EndGlobalSection
	GlobalSection(ExtensibilityGlobals) = postSolution
		SolutionGuid = {686830EA-3F83-4050-A35E-40286F510CD0}
	EndGlobalSection
EndGlobal
